// !$*UTF8*$!
{
	archiveVersion = 1;
	classes = {
	};
	objectVersion = 56;
	objects = {

/* Begin PBXBuildFile section */
		041F1BC02ADFF854000A2FC7 /* EditCards.swift in Sources */ = {isa = PBXBuildFile; fileRef = 041F1BBF2ADFF854000A2FC7 /* EditCards.swift */; };
		04B24F062B6FE17A005477F2 /* FileManager-DocumentsDirectory.swift in Sources */ = {isa = PBXBuildFile; fileRef = 04B24F052B6FE17A005477F2 /* FileManager-DocumentsDirectory.swift */; };
		04B24F082B6FE1AC005477F2 /* DataManager.swift in Sources */ = {isa = PBXBuildFile; fileRef = 04B24F072B6FE1AC005477F2 /* DataManager.swift */; };
		04D6EAD62AA61553004C1951 /* Flashzilla_Project_17_App.swift in Sources */ = {isa = PBXBuildFile; fileRef = 04D6EAD52AA61553004C1951 /* Flashzilla_Project_17_App.swift */; };
		04D6EAD82AA61553004C1951 /* ContentView.swift in Sources */ = {isa = PBXBuildFile; fileRef = 04D6EAD72AA61553004C1951 /* ContentView.swift */; };
		04D6EADA2AA61554004C1951 /* Assets.xcassets in Resources */ = {isa = PBXBuildFile; fileRef = 04D6EAD92AA61554004C1951 /* Assets.xcassets */; };
		04D6EADD2AA61554004C1951 /* Preview Assets.xcassets in Resources */ = {isa = PBXBuildFile; fileRef = 04D6EADC2AA61554004C1951 /* Preview Assets.xcassets */; };
		04D6EAE42AB5AA67004C1951 /* Card.swift in Sources */ = {isa = PBXBuildFile; fileRef = 04D6EAE32AB5AA67004C1951 /* Card.swift */; };
		04D6EAE62AB5AB1B004C1951 /* CardView.swift in Sources */ = {isa = PBXBuildFile; fileRef = 04D6EAE52AB5AB1B004C1951 /* CardView.swift */; };
/* End PBXBuildFile section */

/* Begin PBXFileReference section */
		041F1BBF2ADFF854000A2FC7 /* EditCards.swift */ = {isa = PBXFileReference; lastKnownFileType = sourcecode.swift; path = EditCards.swift; sourceTree = "<group>"; };
		04B24F052B6FE17A005477F2 /* FileManager-DocumentsDirectory.swift */ = {isa = PBXFileReference; lastKnownFileType = sourcecode.swift; path = "FileManager-DocumentsDirectory.swift"; sourceTree = "<group>"; };
		04B24F072B6FE1AC005477F2 /* DataManager.swift */ = {isa = PBXFileReference; lastKnownFileType = sourcecode.swift; path = DataManager.swift; sourceTree = "<group>"; };
		04D6EAD22AA61553004C1951 /* Flashzilla(Project 17).app */ = {isa = PBXFileReference; explicitFileType = wrapper.application; includeInIndex = 0; path = "Flashzilla(Project 17).app"; sourceTree = BUILT_PRODUCTS_DIR; };
		04D6EAD52AA61553004C1951 /* Flashzilla_Project_17_App.swift */ = {isa = PBXFileReference; lastKnownFileType = sourcecode.swift; path = Flashzilla_Project_17_App.swift; sourceTree = "<group>"; };
		04D6EAD72AA61553004C1951 /* ContentView.swift */ = {isa = PBXFileReference; lastKnownFileType = sourcecode.swift; path = ContentView.swift; sourceTree = "<group>"; };
		04D6EAD92AA61554004C1951 /* Assets.xcassets */ = {isa = PBXFileReference; lastKnownFileType = folder.assetcatalog; path = Assets.xcassets; sourceTree = "<group>"; };
		04D6EADC2AA61554004C1951 /* Preview Assets.xcassets */ = {isa = PBXFileReference; lastKnownFileType = folder.assetcatalog; path = "Preview Assets.xcassets"; sourceTree = "<group>"; };
		04D6EAE32AB5AA67004C1951 /* Card.swift */ = {isa = PBXFileReference; lastKnownFileType = sourcecode.swift; path = Card.swift; sourceTree = "<group>"; };
		04D6EAE52AB5AB1B004C1951 /* CardView.swift */ = {isa = PBXFileReference; lastKnownFileType = sourcecode.swift; path = CardView.swift; sourceTree = "<group>"; };
/* End PBXFileReference section */

/* Begin PBXFrameworksBuildPhase section */
		04D6EACF2AA61553004C1951 /* Frameworks */ = {
			isa = PBXFrameworksBuildPhase;
			buildActionMask = 2147483647;
			files = (
			);
			runOnlyForDeploymentPostprocessing = 0;
		};
/* End PBXFrameworksBuildPhase section */

/* Begin PBXGroup section */
		04D6EAC92AA61553004C1951 = {
			isa = PBXGroup;
			children = (
				04D6EAD42AA61553004C1951 /* Flashzilla(Project 17) */,
				04D6EAD32AA61553004C1951 /* Products */,
			);
			sourceTree = "<group>";
		};
		04D6EAD32AA61553004C1951 /* Products */ = {
			isa = PBXGroup;
			children = (
				04D6EAD22AA61553004C1951 /* Flashzilla(Project 17).app */,
			);
			name = Products;
			sourceTree = "<group>";
		};
		04D6EAD42AA61553004C1951 /* Flashzilla(Project 17) */ = {
			isa = PBXGroup;
			children = (
				04D6EAD52AA61553004C1951 /* Flashzilla_Project_17_App.swift */,
				04D6EAD72AA61553004C1951 /* ContentView.swift */,
				04B24F052B6FE17A005477F2 /* FileManager-DocumentsDirectory.swift */,
				04B24F072B6FE1AC005477F2 /* DataManager.swift */,
				04D6EAE52AB5AB1B004C1951 /* CardView.swift */,
				04D6EAE32AB5AA67004C1951 /* Card.swift */,
				041F1BBF2ADFF854000A2FC7 /* EditCards.swift */,
				04D6EAD92AA61554004C1951 /* Assets.xcassets */,
				04D6EADB2AA61554004C1951 /* Preview Content */,
			);
			path = "Flashzilla(Project 17)";
			sourceTree = "<group>";
		};
		04D6EADB2AA61554004C1951 /* Preview Content */ = {
			isa = PBXGroup;
			children = (
				04D6EADC2AA61554004C1951 /* Preview Assets.xcassets */,
			);
			path = "Preview Content";
			sourceTree = "<group>";
		};
/* End PBXGroup section */

/* Begin PBXNativeTarget section */
		04D6EAD12AA61553004C1951 /* Flashzilla(Project 17) */ = {
			isa = PBXNativeTarget;
			buildConfigurationList = 04D6EAE02AA61554004C1951 /* Build configuration list for PBXNativeTarget "Flashzilla(Project 17)" */;
			buildPhases = (
				04D6EACE2AA61553004C1951 /* Sources */,
				04D6EACF2AA61553004C1951 /* Frameworks */,
				04D6EAD02AA61553004C1951 /* Resources */,
			);
			buildRules = (
			);
			dependencies = (
			);
			name = "Flashzilla(Project 17)";
			productName = "Flashzilla(Project 17)";
			productReference = 04D6EAD22AA61553004C1951 /* Flashzilla(Project 17).app */;
			productType = "com.apple.product-type.application";
		};
/* End PBXNativeTarget section */

/* Begin PBXProject section */
		04D6EACA2AA61553004C1951 /* Project object */ = {
			isa = PBXProject;
			attributes = {
				BuildIndependentTargetsInParallel = 1;
				LastSwiftUpdateCheck = 1430;
				LastUpgradeCheck = 1430;
				TargetAttributes = {
					04D6EAD12AA61553004C1951 = {
						CreatedOnToolsVersion = 14.3.1;
					};
				};
			};
			buildConfigurationList = 04D6EACD2AA61553004C1951 /* Build configuration list for PBXProject "Flashzilla(Project 17)" */;
			compatibilityVersion = "Xcode 14.0";
			developmentRegion = en;
			hasScannedForEncodings = 0;
			knownRegions = (
				en,
				Base,
			);
			mainGroup = 04D6EAC92AA61553004C1951;
			productRefGroup = 04D6EAD32AA61553004C1951 /* Products */;
			projectDirPath = "";
			projectRoot = "";
			targets = (
				04D6EAD12AA61553004C1951 /* Flashzilla(Project 17) */,
			);
		};
/* End PBXProject section */

/* Begin PBXResourcesBuildPhase section */
		04D6EAD02AA61553004C1951 /* Resources */ = {
			isa = PBXResourcesBuildPhase;
			buildActionMask = 2147483647;
			files = (
				04D6EADD2AA61554004C1951 /* Preview Assets.xcassets in Resources */,
				04D6EADA2AA61554004C1951 /* Assets.xcassets in Resources */,
			);
			runOnlyForDeploymentPostprocessing = 0;
		};
/* End PBXResourcesBuildPhase section */

/* Begin PBXSourcesBuildPhase section */
		04D6EACE2AA61553004C1951 /* Sources */ = {
			isa = PBXSourcesBuildPhase;
			buildActionMask = 2147483647;
			files = (
				04B24F062B6FE17A005477F2 /* FileManager-DocumentsDirectory.swift in Sources */,
				04D6EAD82AA61553004C1951 /* ContentView.swift in Sources */,
				04D6EAE42AB5AA67004C1951 /* Card.swift in Sources */,
				04B24F082B6FE1AC005477F2 /* DataManager.swift in Sources */,
				04D6EAE62AB5AB1B004C1951 /* CardView.swift in Sources */,
				041F1BC02ADFF854000A2FC7 /* EditCards.swift in Sources */,
				04D6EAD62AA61553004C1951 /* Flashzilla_Project_17_App.swift in Sources */,
			);
			runOnlyForDeploymentPostprocessing = 0;
		};
/* End PBXSourcesBuildPhase section */

/* Begin XCBuildConfiguration section */
		04D6EADE2AA61554004C1951 /* Debug */ = {
			isa = XCBuildConfiguration;
			buildSettings = {
				ALWAYS_SEARCH_USER_PATHS = NO;
				CLANG_ANALYZER_NONNULL = YES;
				CLANG_ANALYZER_NUMBER_OBJECT_CONVERSION = YES_AGGRESSIVE;
				CLANG_CXX_LANGUAGE_STANDARD = "gnu++20";
				CLANG_ENABLE_MODULES = YES;
				CLANG_ENABLE_OBJC_ARC = YES;
				CLANG_ENABLE_OBJC_WEAK = YES;
				CLANG_WARN_BLOCK_CAPTURE_AUTORELEASING = YES;
				CLANG_WARN_BOOL_CONVERSION = YES;
				CLANG_WARN_COMMA = YES;
				CLANG_WARN_CONSTANT_CONVERSION = YES;
				CLANG_WARN_DEPRECATED_OBJC_IMPLEMENTATIONS = YES;
				CLANG_WARN_DIRECT_OBJC_ISA_USAGE = YES_ERROR;
				CLANG_WARN_DOCUMENTATION_COMMENTS = YES;
				CLANG_WARN_EMPTY_BODY = YES;
				CLANG_WARN_ENUM_CONVERSION = YES;
				CLANG_WARN_INFINITE_RECURSION = YES;
				CLANG_WARN_INT_CONVERSION = YES;
				CLANG_WARN_NON_LITERAL_NULL_CONVERSION = YES;
				CLANG_WARN_OBJC_IMPLICIT_RETAIN_SELF = YES;
				CLANG_WARN_OBJC_LITERAL_CONVERSION = YES;
				CLANG_WARN_OBJC_ROOT_CLASS = YES_ERROR;
				CLANG_WARN_QUOTED_INCLUDE_IN_FRAMEWORK_HEADER = YES;
				CLANG_WARN_RANGE_LOOP_ANALYSIS = YES;
				CLANG_WARN_STRICT_PROTOTYPES = YES;
				CLANG_WARN_SUSPICIOUS_MOVE = YES;
				CLANG_WARN_UNGUARDED_AVAILABILITY = YES_AGGRESSIVE;
				CLANG_WARN_UNREACHABLE_CODE = YES;
				CLANG_WARN__DUPLICATE_METHOD_MATCH = YES;
				COPY_PHASE_STRIP = NO;
				DEBUG_INFORMATION_FORMAT = dwarf;
				ENABLE_STRICT_OBJC_MSGSEND = YES;
				ENABLE_TESTABILITY = YES;
				GCC_C_LANGUAGE_STANDARD = gnu11;
				GCC_DYNAMIC_NO_PIC = NO;
				GCC_NO_COMMON_BLOCKS = YES;
				GCC_OPTIMIZATION_LEVEL = 0;
				GCC_PREPROCESSOR_DEFINITIONS = (
					"DEBUG=1",
					"$(inherited)",
				);
				GCC_WARN_64_TO_32_BIT_CONVERSION = YES;
				GCC_WARN_ABOUT_RETURN_TYPE = YES_ERROR;
				GCC_WARN_UNDECLARED_SELECTOR = YES;
				GCC_WARN_UNINITIALIZED_AUTOS = YES_AGGRESSIVE;
				GCC_WARN_UNUSED_FUNCTION = YES;
				GCC_WARN_UNUSED_VARIABLE = YES;
				IPHONEOS_DEPLOYMENT_TARGET = 16.4;
				MTL_ENABLE_DEBUG_INFO = INCLUDE_SOURCE;
				MTL_FAST_MATH = YES;
				ONLY_ACTIVE_ARCH = YES;
				SDKROOT = iphoneos;
				SWIFT_ACTIVE_COMPILATION_CONDITIONS = DEBUG;
				SWIFT_OPTIMIZATION_LEVEL = "-Onone";
			};
			name = Debug;
		};
		04D6EADF2AA61554004C1951 /* Release */ = {
			isa = XCBuildConfiguration;
			buildSettings = {
				ALWAYS_SEARCH_USER_PATHS = NO;
				CLANG_ANALYZER_NONNULL = YES;
				CLANG_ANALYZER_NUMBER_OBJECT_CONVERSION = YES_AGGRESSIVE;
				CLANG_CXX_LANGUAGE_STANDARD = "gnu++20";
				CLANG_ENABLE_MODULES = YES;
				CLANG_ENABLE_OBJC_ARC = YES;
				CLANG_ENABLE_OBJC_WEAK = YES;
				CLANG_WARN_BLOCK_CAPTURE_AUTORELEASING = YES;
				CLANG_WARN_BOOL_CONVERSION = YES;
				CLANG_WARN_COMMA = YES;
				CLANG_WARN_CONSTANT_CONVERSION = YES;
				CLANG_WARN_DEPRECATED_OBJC_IMPLEMENTATIONS = YES;
				CLANG_WARN_DIRECT_OBJC_ISA_USAGE = YES_ERROR;
				CLANG_WARN_DOCUMENTATION_COMMENTS = YES;
				CLANG_WARN_EMPTY_BODY = YES;
				CLANG_WARN_ENUM_CONVERSION = YES;
				CLANG_WARN_INFINITE_RECURSION = YES;
				CLANG_WARN_INT_CONVERSION = YES;
				CLANG_WARN_NON_LITERAL_NULL_CONVERSION = YES;
				CLANG_WARN_OBJC_IMPLICIT_RETAIN_SELF = YES;
				CLANG_WARN_OBJC_LITERAL_CONVERSION = YES;
				CLANG_WARN_OBJC_ROOT_CLASS = YES_ERROR;
				CLANG_WARN_QUOTED_INCLUDE_IN_FRAMEWORK_HEADER = YES;
				CLANG_WARN_RANGE_LOOP_ANALYSIS = YES;
				CLANG_WARN_STRICT_PROTOTYPES = YES;
				CLANG_WARN_SUSPICIOUS_MOVE = YES;
				CLANG_WARN_UNGUARDED_AVAILABILITY = YES_AGGRESSIVE;
				CLANG_WARN_UNREACHABLE_CODE = YES;
				CLANG_WARN__DUPLICATE_METHOD_MATCH = YES;
				COPY_PHASE_STRIP = NO;
				DEBUG_INFORMATION_FORMAT = "dwarf-with-dsym";
				ENABLE_NS_ASSERTIONS = NO;
				ENABLE_STRICT_OBJC_MSGSEND = YES;
				GCC_C_LANGUAGE_STANDARD = gnu11;
				GCC_NO_COMMON_BLOCKS = YES;
				GCC_WARN_64_TO_32_BIT_CONVERSION = YES;
				GCC_WARN_ABOUT_RETURN_TYPE = YES_ERROR;
				GCC_WARN_UNDECLARED_SELECTOR = YES;
				GCC_WARN_UNINITIALIZED_AUTOS = YES_AGGRESSIVE;
				GCC_WARN_UNUSED_FUNCTION = YES;
				GCC_WARN_UNUSED_VARIABLE = YES;
				IPHONEOS_DEPLOYMENT_TARGET = 16.4;
				MTL_ENABLE_DEBUG_INFO = NO;
				MTL_FAST_MATH = YES;
				SDKROOT = iphoneos;
				SWIFT_COMPILATION_MODE = wholemodule;
				SWIFT_OPTIMIZATION_LEVEL = "-O";
				VALIDATE_PRODUCT = YES;
			};
			name = Release;
		};
		04D6EAE12AA61554004C1951 /* Debug */ = {
			isa = XCBuildConfiguration;
			buildSettings = {
				ASSETCATALOG_COMPILER_APPICON_NAME = AppIcon;
				ASSETCATALOG_COMPILER_GLOBAL_ACCENT_COLOR_NAME = AccentColor;
				CODE_SIGN_STYLE = Automatic;
				CURRENT_PROJECT_VERSION = 1;
				DEVELOPMENT_ASSET_PATHS = "\"Flashzilla(Project 17)/Preview Content\"";
				DEVELOPMENT_TEAM = V5FV783SK8;
				ENABLE_PREVIEWS = YES;
				GENERATE_INFOPLIST_FILE = YES;
				INFOPLIST_KEY_UIApplicationSceneManifest_Generation = YES;
				INFOPLIST_KEY_UIApplicationSupportsIndirectInputEvents = YES;
				INFOPLIST_KEY_UILaunchScreen_Generation = YES;
				INFOPLIST_KEY_UISupportedInterfaceOrientations_iPad = "UIInterfaceOrientationPortrait UIInterfaceOrientationPortraitUpsideDown UIInterfaceOrientationLandscapeLeft UIInterfaceOrientationLandscapeRight";
				INFOPLIST_KEY_UISupportedInterfaceOrientations_iPhone = "UIInterfaceOrientationLandscapeLeft UIInterfaceOrientationLandscapeRight";
				LD_RUNPATH_SEARCH_PATHS = (
					"$(inherited)",
					"@executable_path/Frameworks",
				);
				MARKETING_VERSION = 1.0;
				PRODUCT_BUNDLE_IDENTIFIER = "ua.hfh.Flashzilla-Project-17-";
				PRODUCT_NAME = "$(TARGET_NAME)";
				SWIFT_EMIT_LOC_STRINGS = YES;
				SWIFT_VERSION = 5.0;
				TARGETED_DEVICE_FAMILY = "1,2";
			};
			name = Debug;
		};
		04D6EAE22AA61554004C1951 /* Release */ = {
			isa = XCBuildConfiguration;
			buildSettings = {
				ASSETCATALOG_COMPILER_APPICON_NAME = AppIcon;
				ASSETCATALOG_COMPILER_GLOBAL_ACCENT_COLOR_NAME = AccentColor;
				CODE_SIGN_STYLE = Automatic;
				CURRENT_PROJECT_VERSION = 1;
				DEVELOPMENT_ASSET_PATHS = "\"Flashzilla(Project 17)/Preview Content\"";
				DEVELOPMENT_TEAM = ZCP67L68HX;
				ENABLE_PREVIEWS = YES;
				GENERATE_INFOPLIST_FILE = YES;
				INFOPLIST_KEY_UIApplicationSceneManifest_Generation = YES;
				INFOPLIST_KEY_UIApplicationSupportsIndirectInputEvents = YES;
				INFOPLIST_KEY_UILaunchScreen_Generation = YES;
				INFOPLIST_KEY_UISupportedInterfaceOrientations_iPad = "UIInterfaceOrientationPortrait UIInterfaceOrientationPortraitUpsideDown UIInterfaceOrientationLandscapeLeft UIInterfaceOrientationLandscapeRight";
				INFOPLIST_KEY_UISupportedInterfaceOrientations_iPhone = "UIInterfaceOrientationLandscapeLeft UIInterfaceOrientationLandscapeRight";
				LD_RUNPATH_SEARCH_PATHS = (
					"$(inherited)",
					"@executable_path/Frameworks",
				);
				MARKETING_VERSION = 1.0;
				PRODUCT_BUNDLE_IDENTIFIER = "ua.hfh.Flashzilla-Project-17-";
				PRODUCT_NAME = "$(TARGET_NAME)";
				SWIFT_EMIT_LOC_STRINGS = YES;
				SWIFT_VERSION = 5.0;
				TARGETED_DEVICE_FAMILY = "1,2";
			};
			name = Release;
		};
/* End XCBuildConfiguration section */

/* Begin XCConfigurationList section */
		04D6EACD2AA61553004C1951 /* Build configuration list for PBXProject "Flashzilla(Project 17)" */ = {
			isa = XCConfigurationList;
			buildConfigurations = (
				04D6EADE2AA61554004C1951 /* Debug */,
				04D6EADF2AA61554004C1951 /* Release */,
			);
			defaultConfigurationIsVisible = 0;
			defaultConfigurationName = Release;
		};
		04D6EAE02AA61554004C1951 /* Build configuration list for PBXNativeTarget "Flashzilla(Project 17)" */ = {
			isa = XCConfigurationList;
			buildConfigurations = (
				04D6EAE12AA61554004C1951 /* Debug */,
				04D6EAE22AA61554004C1951 /* Release */,
			);
			defaultConfigurationIsVisible = 0;
			defaultConfigurationName = Release;
		};
/* End XCConfigurationList section */
	};
	rootObject = 04D6EACA2AA61553004C1951 /* Project object */;
}
